
Microsoft Visual Studio Solution File, Format Version 12.00
# Visual Studio Version 16
VisualStudioVersion = 16.0.32901.82
MinimumVisualStudioVersion = 10.0.40219.1
Project("{FAE04EC0-301F-11D3-BF4B-00C04F79EFBC}") = "Form", "Form\Form.csproj", "{E07BE44A-29CB-40E8-B898-0654617438F5}"
EndProject
Global
	GlobalSection(SolutionConfigurationPlatforms) = preSolution
		Debug|Any CPU = Debug|Any CPU
		Release|Any CPU = Release|Any CPU
	EndGlobalSection
	GlobalSection(ProjectConfigurationPlatforms) = postSolution
		{E07BE44A-29CB-40E8-B898-0654617438F5}.Debug|Any CPU.ActiveCfg = Debug|Any CPU
		{E07BE44A-29CB-40E8-B898-0654617438F5}.Debug|Any CPU.Build.0 = Debug|Any CPU
		{E07BE44A-29CB-40E8-B898-0654617438F5}.Release|Any CPU.ActiveCfg = Release|Any CPU
		{E07BE44A-29CB-40E8-B898-0654617438F5}.Release|Any CPU.Build.0 = Release|Any CPU
	EndGlobalSection
	GlobalSection(SolutionProperties) = preSolution
		HideSolutionNode = FALSE
	EndGlobalSection
	GlobalSection(ExtensibilityGlobals) = postSolution
		SolutionGuid = {C9F45C1A-C25A-4A15-A08C-4F7F740CD104}
	EndGlobalSection
EndGlobal
